
Microsoft Visual Studio Solution File, Format Version 12.00
# Visual Studio Version 17
VisualStudioVersion = 17.9.34723.18
MinimumVisualStudioVersion = 10.0.40219.1
Project("{2150E333-8FDC-42A3-9474-1A3956D46DE8}") = "01", "01", "{7BB6C44C-EE57-4B06-8971-47B992A4CFC7}"
EndProject
Project("{FAE04EC0-301F-11D3-BF4B-00C04F79EFBC}") = "ParImpar", "ParImpar\ParImpar.csproj", "{C1503A24-0B8A-4884-833F-66DA33421381}"
EndProject
Global
	GlobalSection(SolutionConfigurationPlatforms) = preSolution
		Debug|Any CPU = Debug|Any CPU
		Release|Any CPU = Release|Any CPU
	EndGlobalSection
	GlobalSection(ProjectConfigurationPlatforms) = postSolution
		{C1503A24-0B8A-4884-833F-66DA33421381}.Debug|Any CPU.ActiveCfg = Debug|Any CPU
		{C1503A24-0B8A-4884-833F-66DA33421381}.Debug|Any CPU.Build.0 = Debug|Any CPU
		{C1503A24-0B8A-4884-833F-66DA33421381}.Release|Any CPU.ActiveCfg = Release|Any CPU
		{C1503A24-0B8A-4884-833F-66DA33421381}.Release|Any CPU.Build.0 = Release|Any CPU
	EndGlobalSection
	GlobalSection(SolutionProperties) = preSolution
		HideSolutionNode = FALSE
	EndGlobalSection
	GlobalSection(NestedProjects) = preSolution
		{C1503A24-0B8A-4884-833F-66DA33421381} = {7BB6C44C-EE57-4B06-8971-47B992A4CFC7}
	EndGlobalSection
	GlobalSection(ExtensibilityGlobals) = postSolution
		SolutionGuid = {BC0C20DE-7607-48E1-89C6-778967654D7B}
	EndGlobalSection
EndGlobal
